{
  "requires": true,
  "lockfileVersion": 1,
  "dependencies": {
    "@angular/common": {
      "version": "13.2.3",
      "resolved": "https://registry.npmjs.org/@angular/common/-/common-13.2.3.tgz",
      "integrity": "sha512-aK42bLd8VIVsUPcIaPw+dwD3c1d7rigTUMbNQ7zqyEQMCajLPakpzM9QEnywdzWSJTJFUbp3h39jD7ZzQPuTTQ==",
      "requires": {
        "tslib": "^2.3.0"
      }
    },
    "@angular/core": {
      "version": "13.2.3",
      "resolved": "https://registry.npmjs.org/@angular/core/-/core-13.2.3.tgz",
      "integrity": "sha512-81QtWR+UQgCo5xJwExzKaRUd9aXJoOGbWfh3MZSUkiv+PTMXwmfU3lZxpz9S/y2uwvaVqZdW5MN/RzpKv6tHxA==",
      "requires": {
        "tslib": "^2.3.0"
      }
    },
    "@angular/forms": {
      "version": "13.2.3",
      "resolved": "https://registry.npmjs.org/@angular/forms/-/forms-13.2.3.tgz",
      "integrity": "sha512-fOsWiimPTQCDtZj+Hqc4+Io7v4aKjJJUIRoxN/wQqik66Gg/1rs4iWtpdxm4vgyQD0rUFZaRLHhsh+ldIFw7CA==",
      "requires": {
        "tslib": "^2.3.0"
      }
    },
    "@angular/platform-browser": {
      "version": "13.2.3",
      "resolved": "https://registry.npmjs.org/@angular/platform-browser/-/platform-browser-13.2.3.tgz",
      "integrity": "sha512-kdV51osiEkW7hwwh7wQMy+9+e7lGFXQBnHVxIiyVQI1nKVfWykzc1Vt5oGw7zuBkkJat2Gs3Mq2lqaXMa2Xl1g==",
      "requires": {
        "tslib": "^2.3.0"
      }
    },
    "@angular/router": {
      "version": "13.2.3",
      "resolved": "https://registry.npmjs.org/@angular/router/-/router-13.2.3.tgz",
      "integrity": "sha512-niU8/19wmPSeuvKCHfaDbw+DPfE9gI0divcnwqGEB8tSbs7VNIaTmhLs9yMU+pD6puUYk3gUFTXLBl+g3qwOpg==",
      "requires": {
        "tslib": "^2.3.0"
      }
    },
    "@fortawesome/angular-fontawesome": {
      "version": "0.10.1",
      "resolved": "https://registry.npmjs.org/@fortawesome/angular-fontawesome/-/angular-fontawesome-0.10.1.tgz",
      "integrity": "sha512-4nVRm+NcLcdaNrNFhThb/7/tb5CDm0vQwJFyljR3XMCQyEr94hMX5SiUYbvYm9YJVImMYfdpR0lO0B8sh12Vbw==",
      "requires": {
        "tslib": "^2.3.1"
      }
    },
    "@types/mocha": {
      "version": "9.1.0",
      "resolved": "https://registry.npmjs.org/@types/mocha/-/mocha-9.1.0.tgz",
      "integrity": "sha512-QCWHkbMv4Y5U9oW10Uxbr45qMMSzl4OzijsozynUAgx3kEHUdXB00udx2dWDQ7f2TU2a2uuiFaRZjCe3unPpeg==",
      "dev": true
    },
    "tslib": {
      "version": "2.3.1",
      "resolved": "https://registry.npmjs.org/tslib/-/tslib-2.3.1.tgz",
      "integrity": "sha512-77EbyPPpMz+FRFRuAFlWMtmgUWGe9UOG2Z25NqCwiIjRhOf5iKGuzSe5P2w1laq+FkRy4p+PCuVkJSGkzTEKVw=="
    }
  }
}
